// !$*UTF8*$!
{
	archiveVersion = 1;
	classes = {
	};
	objectVersion = 46;
	objects = {

/* Begin PBXBuildFile section */
		008A8B571ECC4B9A0039E0AF /* MainController.m in Sources */ = {isa = PBXBuildFile; fileRef = 008A8B561ECC4B9A0039E0AF /* MainController.m */; };
		008A8B5B1ECC4CC60039E0AF /* GoToSettingsController.m in Sources */ = {isa = PBXBuildFile; fileRef = 008A8B5A1ECC4CC60039E0AF /* GoToSettingsController.m */; };
		008A8F7F1ECC52EE0039E0AF /* UIImage+YTImage.m in Sources */ = {isa = PBXBuildFile; fileRef = 008A8F561ECC52EE0039E0AF /* UIImage+YTImage.m */; };
		008A8F801ECC52EE0039E0AF /* UIView+YTFrame.m in Sources */ = {isa = PBXBuildFile; fileRef = 008A8F581ECC52EE0039E0AF /* UIView+YTFrame.m */; };
		008A8F811ECC52EE0039E0AF /* YTCharacterConvertTool.m in Sources */ = {isa = PBXBuildFile; fileRef = 008A8F5E1ECC52EE0039E0AF /* YTCharacterConvertTool.m */; };
		008A8F821ECC52EE0039E0AF /* YTRegex.m in Sources */ = {isa = PBXBuildFile; fileRef = 008A8F601ECC52EE0039E0AF /* YTRegex.m */; };
		008A8F891ECC52EE0039E0AF /* TestFlowerView.m in Sources */ = {isa = PBXBuildFile; fileRef = 008A8F6F1ECC52EE0039E0AF /* TestFlowerView.m */; };
		008A8F8A1ECC52EE0039E0AF /* TestHeartView.m in Sources */ = {isa = PBXBuildFile; fileRef = 008A8F721ECC52EE0039E0AF /* TestHeartView.m */; };
		008A8F8B1ECC52EE0039E0AF /* MyPageControl.m in Sources */ = {isa = PBXBuildFile; fileRef = 008A8F751ECC52EE0039E0AF /* MyPageControl.m */; };
		008A8F8C1ECC52EE0039E0AF /* YTProgressView.m in Sources */ = {isa = PBXBuildFile; fileRef = 008A8F781ECC52EE0039E0AF /* YTProgressView.m */; };
		008A8F8E1ECC52EE0039E0AF /* YTCheckLargeImageView.m in Sources */ = {isa = PBXBuildFile; fileRef = 008A8F7E1ECC52EE0039E0AF /* YTCheckLargeImageView.m */; };
		008A8F941ECDABC80039E0AF /* IMPDemoController.m in Sources */ = {isa = PBXBuildFile; fileRef = 008A8F931ECDABC80039E0AF /* IMPDemoController.m */; };
		008A8F971ECE8D5D0039E0AF /* UIViewController+IMPViewDidLoaded.m in Sources */ = {isa = PBXBuildFile; fileRef = 008A8F961ECE8D5D0039E0AF /* UIViewController+IMPViewDidLoaded.m */; };
		008A8F9B1ED2CC9E0039E0AF /* NSStringDemoController.m in Sources */ = {isa = PBXBuildFile; fileRef = 008A8F9A1ED2CC9E0039E0AF /* NSStringDemoController.m */; };
		00B83D211ED6D93C00E09A2C /* JSCallOCController.m in Sources */ = {isa = PBXBuildFile; fileRef = 00B83D201ED6D93C00E09A2C /* JSCallOCController.m */; };
		00B83D231ED6DA1D00E09A2C /* JSCallOC.html in Resources */ = {isa = PBXBuildFile; fileRef = 00B83D221ED6DA1D00E09A2C /* JSCallOC.html */; };
		00B83D271EDE7D2500E09A2C /* ICarouselDemoController.m in Sources */ = {isa = PBXBuildFile; fileRef = 00B83D261EDE7D2500E09A2C /* ICarouselDemoController.m */; };
		00B83D2C1EE01B7400E09A2C /* QYDemoController.m in Sources */ = {isa = PBXBuildFile; fileRef = 00B83D2B1EE01B7400E09A2C /* QYDemoController.m */; };
		00C532E21EE4FEB700E2BB4F /* Deep&LightCopyController.m in Sources */ = {isa = PBXBuildFile; fileRef = 00C532E11EE4FEB700E2BB4F /* Deep&LightCopyController.m */; };
		00C532E51EE508D900E2BB4F /* Student.m in Sources */ = {isa = PBXBuildFile; fileRef = 00C532E41EE508D900E2BB4F /* Student.m */; };
		00ED8FD51EA9FF5200CA6EBB /* main.m in Sources */ = {isa = PBXBuildFile; fileRef = 00ED8FD41EA9FF5200CA6EBB /* main.m */; };
		00ED8FD81EA9FF5200CA6EBB /* AppDelegate.m in Sources */ = {isa = PBXBuildFile; fileRef = 00ED8FD71EA9FF5200CA6EBB /* AppDelegate.m */; };
		00ED8FDE1EA9FF5200CA6EBB /* Main.storyboard in Resources */ = {isa = PBXBuildFile; fileRef = 00ED8FDC1EA9FF5200CA6EBB /* Main.storyboard */; };
		00ED8FE01EA9FF5200CA6EBB /* Assets.xcassets in Resources */ = {isa = PBXBuildFile; fileRef = 00ED8FDF1EA9FF5200CA6EBB /* Assets.xcassets */; };
		00ED8FE31EA9FF5200CA6EBB /* LaunchScreen.storyboard in Resources */ = {isa = PBXBuildFile; fileRef = 00ED8FE11EA9FF5200CA6EBB /* LaunchScreen.storyboard */; };
		00ED8FEE1EA9FF5200CA6EBB /* YTDemosTests.m in Sources */ = {isa = PBXBuildFile; fileRef = 00ED8FED1EA9FF5200CA6EBB /* YTDemosTests.m */; };
		00ED8FF91EA9FF5200CA6EBB /* YTDemosUITests.m in Sources */ = {isa = PBXBuildFile; fileRef = 00ED8FF81EA9FF5200CA6EBB /* YTDemosUITests.m */; };
		2435C38DEF0BA87F374EB4BE /* libPods-YTDemos.a in Frameworks */ = {isa = PBXBuildFile; fileRef = 7274732FE36063E80306FDC5 /* libPods-YTDemos.a */; };
/* End PBXBuildFile section */

/* Begin PBXContainerItemProxy section */
		00ED8FEA1EA9FF5200CA6EBB /* PBXContainerItemProxy */ = {
			isa = PBXContainerItemProxy;
			containerPortal = 00ED8FC81EA9FF5200CA6EBB /* Project object */;
			proxyType = 1;
			remoteGlobalIDString = 00ED8FCF1EA9FF5200CA6EBB;
			remoteInfo = YTDemos;
		};
		00ED8FF51EA9FF5200CA6EBB /* PBXContainerItemProxy */ = {
			isa = PBXContainerItemProxy;
			containerPortal = 00ED8FC81EA9FF5200CA6EBB /* Project object */;
			proxyType = 1;
			remoteGlobalIDString = 00ED8FCF1EA9FF5200CA6EBB;
			remoteInfo = YTDemos;
		};
/* End PBXContainerItemProxy section */

/* Begin PBXFileReference section */
		008A8B551ECC4B9A0039E0AF /* MainController.h */ = {isa = PBXFileReference; fileEncoding = 4; lastKnownFileType = sourcecode.c.h; path = MainController.h; sourceTree = "<group>"; };
		008A8B561ECC4B9A0039E0AF /* MainController.m */ = {isa = PBXFileReference; fileEncoding = 4; lastKnownFileType = sourcecode.c.objc; path = MainController.m; sourceTree = "<group>"; };
		008A8B591ECC4CC60039E0AF /* GoToSettingsController.h */ = {isa = PBXFileReference; fileEncoding = 4; lastKnownFileType = sourcecode.c.h; path = GoToSettingsController.h; sourceTree = "<group>"; };
		008A8B5A1ECC4CC60039E0AF /* GoToSettingsController.m */ = {isa = PBXFileReference; fileEncoding = 4; lastKnownFileType = sourcecode.c.objc; path = GoToSettingsController.m; sourceTree = "<group>"; };
		008A8B5C1ECC51280039E0AF /* YTDemos.pch */ = {isa = PBXFileReference; lastKnownFileType = sourcecode.c.h; path = YTDemos.pch; sourceTree = "<group>"; };
		008A8F551ECC52EE0039E0AF /* UIImage+YTImage.h */ = {isa = PBXFileReference; fileEncoding = 4; lastKnownFileType = sourcecode.c.h; path = "UIImage+YTImage.h"; sourceTree = "<group>"; };
		008A8F561ECC52EE0039E0AF /* UIImage+YTImage.m */ = {isa = PBXFileReference; fileEncoding = 4; lastKnownFileType = sourcecode.c.objc; path = "UIImage+YTImage.m"; sourceTree = "<group>"; };
		008A8F571ECC52EE0039E0AF /* UIView+YTFrame.h */ = {isa = PBXFileReference; fileEncoding = 4; lastKnownFileType = sourcecode.c.h; path = "UIView+YTFrame.h"; sourceTree = "<group>"; };
		008A8F581ECC52EE0039E0AF /* UIView+YTFrame.m */ = {isa = PBXFileReference; fileEncoding = 4; lastKnownFileType = sourcecode.c.objc; path = "UIView+YTFrame.m"; sourceTree = "<group>"; };
		008A8F5A1ECC52EE0039E0AF /* YTCore.h */ = {isa = PBXFileReference; fileEncoding = 4; lastKnownFileType = sourcecode.c.h; path = YTCore.h; sourceTree = "<group>"; };
		008A8F5B1ECC52EE0039E0AF /* YTDLog.h */ = {isa = PBXFileReference; fileEncoding = 4; lastKnownFileType = sourcecode.c.h; path = YTDLog.h; sourceTree = "<group>"; };
		008A8F5D1ECC52EE0039E0AF /* YTCharacterConvertTool.h */ = {isa = PBXFileReference; fileEncoding = 4; lastKnownFileType = sourcecode.c.h; path = YTCharacterConvertTool.h; sourceTree = "<group>"; };
		008A8F5E1ECC52EE0039E0AF /* YTCharacterConvertTool.m */ = {isa = PBXFileReference; fileEncoding = 4; lastKnownFileType = sourcecode.c.objc; path = YTCharacterConvertTool.m; sourceTree = "<group>"; };
		008A8F5F1ECC52EE0039E0AF /* YTRegex.h */ = {isa = PBXFileReference; fileEncoding = 4; lastKnownFileType = sourcecode.c.h; path = YTRegex.h; sourceTree = "<group>"; };
		008A8F601ECC52EE0039E0AF /* YTRegex.m */ = {isa = PBXFileReference; fileEncoding = 4; lastKnownFileType = sourcecode.c.objc; path = YTRegex.m; sourceTree = "<group>"; };
		008A8F6E1ECC52EE0039E0AF /* TestFlowerView.h */ = {isa = PBXFileReference; fileEncoding = 4; lastKnownFileType = sourcecode.c.h; path = TestFlowerView.h; sourceTree = "<group>"; };
		008A8F6F1ECC52EE0039E0AF /* TestFlowerView.m */ = {isa = PBXFileReference; fileEncoding = 4; lastKnownFileType = sourcecode.c.objc; path = TestFlowerView.m; sourceTree = "<group>"; };
		008A8F711ECC52EE0039E0AF /* TestHeartView.h */ = {isa = PBXFileReference; fileEncoding = 4; lastKnownFileType = sourcecode.c.h; path = TestHeartView.h; sourceTree = "<group>"; };
		008A8F721ECC52EE0039E0AF /* TestHeartView.m */ = {isa = PBXFileReference; fileEncoding = 4; lastKnownFileType = sourcecode.c.objc; path = TestHeartView.m; sourceTree = "<group>"; };
		008A8F741ECC52EE0039E0AF /* MyPageControl.h */ = {isa = PBXFileReference; fileEncoding = 4; lastKnownFileType = sourcecode.c.h; path = MyPageControl.h; sourceTree = "<group>"; };
		008A8F751ECC52EE0039E0AF /* MyPageControl.m */ = {isa = PBXFileReference; fileEncoding = 4; lastKnownFileType = sourcecode.c.objc; path = MyPageControl.m; sourceTree = "<group>"; };
		008A8F771ECC52EE0039E0AF /* YTProgressView.h */ = {isa = PBXFileReference; fileEncoding = 4; lastKnownFileType = sourcecode.c.h; path = YTProgressView.h; sourceTree = "<group>"; };
		008A8F781ECC52EE0039E0AF /* YTProgressView.m */ = {isa = PBXFileReference; fileEncoding = 4; lastKnownFileType = sourcecode.c.objc; path = YTProgressView.m; sourceTree = "<group>"; };
		008A8F7D1ECC52EE0039E0AF /* YTCheckLargeImageView.h */ = {isa = PBXFileReference; fileEncoding = 4; lastKnownFileType = sourcecode.c.h; path = YTCheckLargeImageView.h; sourceTree = "<group>"; };
		008A8F7E1ECC52EE0039E0AF /* YTCheckLargeImageView.m */ = {isa = PBXFileReference; fileEncoding = 4; lastKnownFileType = sourcecode.c.objc; path = YTCheckLargeImageView.m; sourceTree = "<group>"; };
		008A8F921ECDABC80039E0AF /* IMPDemoController.h */ = {isa = PBXFileReference; fileEncoding = 4; lastKnownFileType = sourcecode.c.h; path = IMPDemoController.h; sourceTree = "<group>"; };
		008A8F931ECDABC80039E0AF /* IMPDemoController.m */ = {isa = PBXFileReference; fileEncoding = 4; lastKnownFileType = sourcecode.c.objc; path = IMPDemoController.m; sourceTree = "<group>"; };
		008A8F951ECE8D5D0039E0AF /* UIViewController+IMPViewDidLoaded.h */ = {isa = PBXFileReference; fileEncoding = 4; lastKnownFileType = sourcecode.c.h; path = "UIViewController+IMPViewDidLoaded.h"; sourceTree = "<group>"; };
		008A8F961ECE8D5D0039E0AF /* UIViewController+IMPViewDidLoaded.m */ = {isa = PBXFileReference; fileEncoding = 4; lastKnownFileType = sourcecode.c.objc; path = "UIViewController+IMPViewDidLoaded.m"; sourceTree = "<group>"; };
		008A8F991ED2CC9E0039E0AF /* NSStringDemoController.h */ = {isa = PBXFileReference; fileEncoding = 4; lastKnownFileType = sourcecode.c.h; path = NSStringDemoController.h; sourceTree = "<group>"; };
		008A8F9A1ED2CC9E0039E0AF /* NSStringDemoController.m */ = {isa = PBXFileReference; fileEncoding = 4; lastKnownFileType = sourcecode.c.objc; path = NSStringDemoController.m; sourceTree = "<group>"; };
		00B83D1F1ED6D93C00E09A2C /* JSCallOCController.h */ = {isa = PBXFileReference; fileEncoding = 4; lastKnownFileType = sourcecode.c.h; path = JSCallOCController.h; sourceTree = "<group>"; };
		00B83D201ED6D93C00E09A2C /* JSCallOCController.m */ = {isa = PBXFileReference; fileEncoding = 4; lastKnownFileType = sourcecode.c.objc; path = JSCallOCController.m; sourceTree = "<group>"; };
		00B83D221ED6DA1D00E09A2C /* JSCallOC.html */ = {isa = PBXFileReference; fileEncoding = 4; lastKnownFileType = text.html; path = JSCallOC.html; sourceTree = "<group>"; };
		00B83D251EDE7D2500E09A2C /* ICarouselDemoController.h */ = {isa = PBXFileReference; fileEncoding = 4; lastKnownFileType = sourcecode.c.h; path = ICarouselDemoController.h; sourceTree = "<group>"; };
		00B83D261EDE7D2500E09A2C /* ICarouselDemoController.m */ = {isa = PBXFileReference; fileEncoding = 4; lastKnownFileType = sourcecode.c.objc; path = ICarouselDemoController.m; sourceTree = "<group>"; };
		00B83D281EDE7DB900E09A2C /* YTColor.h */ = {isa = PBXFileReference; lastKnownFileType = sourcecode.c.h; path = YTColor.h; sourceTree = "<group>"; };
		00B83D2A1EE01B7400E09A2C /* QYDemoController.h */ = {isa = PBXFileReference; fileEncoding = 4; lastKnownFileType = sourcecode.c.h; path = QYDemoController.h; sourceTree = "<group>"; };
		00B83D2B1EE01B7400E09A2C /* QYDemoController.m */ = {isa = PBXFileReference; fileEncoding = 4; lastKnownFileType = sourcecode.c.objc; path = QYDemoController.m; sourceTree = "<group>"; };
		00C532E01EE4FEB700E2BB4F /* Deep&LightCopyController.h */ = {isa = PBXFileReference; fileEncoding = 4; lastKnownFileType = sourcecode.c.h; path = "Deep&LightCopyController.h"; sourceTree = "<group>"; };
		00C532E11EE4FEB700E2BB4F /* Deep&LightCopyController.m */ = {isa = PBXFileReference; fileEncoding = 4; lastKnownFileType = sourcecode.c.objc; path = "Deep&LightCopyController.m"; sourceTree = "<group>"; };
		00C532E31EE508D900E2BB4F /* Student.h */ = {isa = PBXFileReference; fileEncoding = 4; lastKnownFileType = sourcecode.c.h; path = Student.h; sourceTree = "<group>"; };
		00C532E41EE508D900E2BB4F /* Student.m */ = {isa = PBXFileReference; fileEncoding = 4; lastKnownFileType = sourcecode.c.objc; path = Student.m; sourceTree = "<group>"; };
		00ED8FD01EA9FF5200CA6EBB /* YTDemos.app */ = {isa = PBXFileReference; explicitFileType = wrapper.application; includeInIndex = 0; path = YTDemos.app; sourceTree = BUILT_PRODUCTS_DIR; };
		00ED8FD41EA9FF5200CA6EBB /* main.m */ = {isa = PBXFileReference; lastKnownFileType = sourcecode.c.objc; path = main.m; sourceTree = "<group>"; };
		00ED8FD61EA9FF5200CA6EBB /* AppDelegate.h */ = {isa = PBXFileReference; lastKnownFileType = sourcecode.c.h; path = AppDelegate.h; sourceTree = "<group>"; };
		00ED8FD71EA9FF5200CA6EBB /* AppDelegate.m */ = {isa = PBXFileReference; lastKnownFileType = sourcecode.c.objc; path = AppDelegate.m; sourceTree = "<group>"; };
		00ED8FDD1EA9FF5200CA6EBB /* Base */ = {isa = PBXFileReference; lastKnownFileType = file.storyboard; name = Base; path = Base.lproj/Main.storyboard; sourceTree = "<group>"; };
		00ED8FDF1EA9FF5200CA6EBB /* Assets.xcassets */ = {isa = PBXFileReference; lastKnownFileType = folder.assetcatalog; path = Assets.xcassets; sourceTree = "<group>"; };
		00ED8FE21EA9FF5200CA6EBB /* Base */ = {isa = PBXFileReference; lastKnownFileType = file.storyboard; name = Base; path = Base.lproj/LaunchScreen.storyboard; sourceTree = "<group>"; };
		00ED8FE41EA9FF5200CA6EBB /* Info.plist */ = {isa = PBXFileReference; lastKnownFileType = text.plist.xml; path = Info.plist; sourceTree = "<group>"; };
		00ED8FE91EA9FF5200CA6EBB /* YTDemosTests.xctest */ = {isa = PBXFileReference; explicitFileType = wrapper.cfbundle; includeInIndex = 0; path = YTDemosTests.xctest; sourceTree = BUILT_PRODUCTS_DIR; };
		00ED8FED1EA9FF5200CA6EBB /* YTDemosTests.m */ = {isa = PBXFileReference; lastKnownFileType = sourcecode.c.objc; path = YTDemosTests.m; sourceTree = "<group>"; };
		00ED8FEF1EA9FF5200CA6EBB /* Info.plist */ = {isa = PBXFileReference; lastKnownFileType = text.plist.xml; path = Info.plist; sourceTree = "<group>"; };
		00ED8FF41EA9FF5200CA6EBB /* YTDemosUITests.xctest */ = {isa = PBXFileReference; explicitFileType = wrapper.cfbundle; includeInIndex = 0; path = YTDemosUITests.xctest; sourceTree = BUILT_PRODUCTS_DIR; };
		00ED8FF81EA9FF5200CA6EBB /* YTDemosUITests.m */ = {isa = PBXFileReference; lastKnownFileType = sourcecode.c.objc; path = YTDemosUITests.m; sourceTree = "<group>"; };
		00ED8FFA1EA9FF5200CA6EBB /* Info.plist */ = {isa = PBXFileReference; lastKnownFileType = text.plist.xml; path = Info.plist; sourceTree = "<group>"; };
		5E285984BFD3D311023D752D /* Pods-YTDemos.release.xcconfig */ = {isa = PBXFileReference; includeInIndex = 1; lastKnownFileType = text.xcconfig; name = "Pods-YTDemos.release.xcconfig"; path = "Pods/Target Support Files/Pods-YTDemos/Pods-YTDemos.release.xcconfig"; sourceTree = "<group>"; };
		7274732FE36063E80306FDC5 /* libPods-YTDemos.a */ = {isa = PBXFileReference; explicitFileType = archive.ar; includeInIndex = 0; path = "libPods-YTDemos.a"; sourceTree = BUILT_PRODUCTS_DIR; };
		A9587A494A74D43BFF026145 /* Pods-YTDemos.debug.xcconfig */ = {isa = PBXFileReference; includeInIndex = 1; lastKnownFileType = text.xcconfig; name = "Pods-YTDemos.debug.xcconfig"; path = "Pods/Target Support Files/Pods-YTDemos/Pods-YTDemos.debug.xcconfig"; sourceTree = "<group>"; };
/* End PBXFileReference section */

/* Begin PBXFrameworksBuildPhase section */
		00ED8FCD1EA9FF5200CA6EBB /* Frameworks */ = {
			isa = PBXFrameworksBuildPhase;
			buildActionMask = 2147483647;
			files = (
				2435C38DEF0BA87F374EB4BE /* libPods-YTDemos.a in Frameworks */,
			);
			runOnlyForDeploymentPostprocessing = 0;
		};
		00ED8FE61EA9FF5200CA6EBB /* Frameworks */ = {
			isa = PBXFrameworksBuildPhase;
			buildActionMask = 2147483647;
			files = (
			);
			runOnlyForDeploymentPostprocessing = 0;
		};
		00ED8FF11EA9FF5200CA6EBB /* Frameworks */ = {
			isa = PBXFrameworksBuildPhase;
			buildActionMask = 2147483647;
			files = (
			);
			runOnlyForDeploymentPostprocessing = 0;
		};
/* End PBXFrameworksBuildPhase section */

/* Begin PBXGroup section */
		008A8B541ECC4B880039E0AF /* Main */ = {
			isa = PBXGroup;
			children = (
				008A8B551ECC4B9A0039E0AF /* MainController.h */,
				008A8B561ECC4B9A0039E0AF /* MainController.m */,
			);
			path = Main;
			sourceTree = "<group>";
		};
		008A8B581ECC4BAC0039E0AF /* 跳转至设置 */ = {
			isa = PBXGroup;
			children = (
				008A8B591ECC4CC60039E0AF /* GoToSettingsController.h */,
				008A8B5A1ECC4CC60039E0AF /* GoToSettingsController.m */,
			);
			path = "跳转至设置";
			sourceTree = "<group>";
		};
		008A8F531ECC52EE0039E0AF /* YTCore */ = {
			isa = PBXGroup;
			children = (
				008A8F541ECC52EE0039E0AF /* Category */,
				008A8F591ECC52EE0039E0AF /* Header */,
				008A8F5C1ECC52EE0039E0AF /* Tools */,
				008A8F611ECC52EE0039E0AF /* View */,
			);
			path = YTCore;
			sourceTree = "<group>";
		};
		008A8F541ECC52EE0039E0AF /* Category */ = {
			isa = PBXGroup;
			children = (
				008A8F551ECC52EE0039E0AF /* UIImage+YTImage.h */,
				008A8F561ECC52EE0039E0AF /* UIImage+YTImage.m */,
				008A8F571ECC52EE0039E0AF /* UIView+YTFrame.h */,
				008A8F581ECC52EE0039E0AF /* UIView+YTFrame.m */,
			);
			path = Category;
			sourceTree = "<group>";
		};
		008A8F591ECC52EE0039E0AF /* Header */ = {
			isa = PBXGroup;
			children = (
				008A8F5A1ECC52EE0039E0AF /* YTCore.h */,
				008A8F5B1ECC52EE0039E0AF /* YTDLog.h */,
				00B83D281EDE7DB900E09A2C /* YTColor.h */,
			);
			path = Header;
			sourceTree = "<group>";
		};
		008A8F5C1ECC52EE0039E0AF /* Tools */ = {
			isa = PBXGroup;
			children = (
				008A8F5D1ECC52EE0039E0AF /* YTCharacterConvertTool.h */,
				008A8F5E1ECC52EE0039E0AF /* YTCharacterConvertTool.m */,
				008A8F5F1ECC52EE0039E0AF /* YTRegex.h */,
				008A8F601ECC52EE0039E0AF /* YTRegex.m */,
			);
			path = Tools;
			sourceTree = "<group>";
		};
		008A8F611ECC52EE0039E0AF /* View */ = {
			isa = PBXGroup;
			children = (
				008A8F6D1ECC52EE0039E0AF /* YTFlower */,
				008A8F701ECC52EE0039E0AF /* YTHeartView */,
				008A8F731ECC52EE0039E0AF /* YTPageCtrol */,
				008A8F761ECC52EE0039E0AF /* YTProgressView */,
				008A8F7C1ECC52EE0039E0AF /* 查看图片大图 */,
			);
			path = View;
			sourceTree = "<group>";
		};
		008A8F6D1ECC52EE0039E0AF /* YTFlower */ = {
			isa = PBXGroup;
			children = (
				008A8F6E1ECC52EE0039E0AF /* TestFlowerView.h */,
				008A8F6F1ECC52EE0039E0AF /* TestFlowerView.m */,
			);
			path = YTFlower;
			sourceTree = "<group>";
		};
		008A8F701ECC52EE0039E0AF /* YTHeartView */ = {
			isa = PBXGroup;
			children = (
				008A8F711ECC52EE0039E0AF /* TestHeartView.h */,
				008A8F721ECC52EE0039E0AF /* TestHeartView.m */,
			);
			path = YTHeartView;
			sourceTree = "<group>";
		};
		008A8F731ECC52EE0039E0AF /* YTPageCtrol */ = {
			isa = PBXGroup;
			children = (
				008A8F741ECC52EE0039E0AF /* MyPageControl.h */,
				008A8F751ECC52EE0039E0AF /* MyPageControl.m */,
			);
			path = YTPageCtrol;
			sourceTree = "<group>";
		};
		008A8F761ECC52EE0039E0AF /* YTProgressView */ = {
			isa = PBXGroup;
			children = (
				008A8F771ECC52EE0039E0AF /* YTProgressView.h */,
				008A8F781ECC52EE0039E0AF /* YTProgressView.m */,
			);
			path = YTProgressView;
			sourceTree = "<group>";
		};
		008A8F7C1ECC52EE0039E0AF /* 查看图片大图 */ = {
			isa = PBXGroup;
			children = (
				008A8F7D1ECC52EE0039E0AF /* YTCheckLargeImageView.h */,
				008A8F7E1ECC52EE0039E0AF /* YTCheckLargeImageView.m */,
			);
			path = "查看图片大图";
			sourceTree = "<group>";
		};
		008A8F911ECDAB9D0039E0AF /* IMP */ = {
			isa = PBXGroup;
			children = (
				008A8F921ECDABC80039E0AF /* IMPDemoController.h */,
				008A8F931ECDABC80039E0AF /* IMPDemoController.m */,
				008A8F951ECE8D5D0039E0AF /* UIViewController+IMPViewDidLoaded.h */,
				008A8F961ECE8D5D0039E0AF /* UIViewController+IMPViewDidLoaded.m */,
			);
			path = IMP;
			sourceTree = "<group>";
		};
		008A8F981ED2CC880039E0AF /* NSString */ = {
			isa = PBXGroup;
			children = (
				008A8F991ED2CC9E0039E0AF /* NSStringDemoController.h */,
				008A8F9A1ED2CC9E0039E0AF /* NSStringDemoController.m */,
			);
			path = NSString;
			sourceTree = "<group>";
		};
		009EF5DB1EAF409E00AFEB13 /* Controller */ = {
			isa = PBXGroup;
			children = (
				008A8B541ECC4B880039E0AF /* Main */,
				00C532DF1EE4FE7100E2BB4F /* 深浅拷贝 */,
				00B83D291EE01B5E00E09A2C /* 七鱼 */,
				00B83D241EDE7D0F00E09A2C /* iCarousel */,
				00B83D1E1ED6D91F00E09A2C /* JSCallOC */,
				008A8F981ED2CC880039E0AF /* NSString */,
				008A8F911ECDAB9D0039E0AF /* IMP */,
				008A8B581ECC4BAC0039E0AF /* 跳转至设置 */,
			);
			path = Controller;
			sourceTree = "<group>";
		};
		009EF5DC1EAF409E00AFEB13 /* Model */ = {
			isa = PBXGroup;
			children = (
			);
			path = Model;
			sourceTree = "<group>";
		};
		009EF5DD1EAF409E00AFEB13 /* View */ = {
			isa = PBXGroup;
			children = (
			);
			path = View;
			sourceTree = "<group>";
		};
		00B83D1E1ED6D91F00E09A2C /* JSCallOC */ = {
			isa = PBXGroup;
			children = (
				00B83D1F1ED6D93C00E09A2C /* JSCallOCController.h */,
				00B83D201ED6D93C00E09A2C /* JSCallOCController.m */,
			);
			path = JSCallOC;
			sourceTree = "<group>";
		};
		00B83D241EDE7D0F00E09A2C /* iCarousel */ = {
			isa = PBXGroup;
			children = (
				00B83D251EDE7D2500E09A2C /* ICarouselDemoController.h */,
				00B83D261EDE7D2500E09A2C /* ICarouselDemoController.m */,
			);
			path = iCarousel;
			sourceTree = "<group>";
		};
		00B83D291EE01B5E00E09A2C /* 七鱼 */ = {
			isa = PBXGroup;
			children = (
				00B83D2A1EE01B7400E09A2C /* QYDemoController.h */,
				00B83D2B1EE01B7400E09A2C /* QYDemoController.m */,
			);
			path = "七鱼";
			sourceTree = "<group>";
		};
		00C532DF1EE4FE7100E2BB4F /* 深浅拷贝 */ = {
			isa = PBXGroup;
			children = (
				00C532E01EE4FEB700E2BB4F /* Deep&LightCopyController.h */,
				00C532E11EE4FEB700E2BB4F /* Deep&LightCopyController.m */,
				00C532E31EE508D900E2BB4F /* Student.h */,
				00C532E41EE508D900E2BB4F /* Student.m */,
			);
			path = "深浅拷贝";
			sourceTree = "<group>";
		};
		00ED8FC71EA9FF5200CA6EBB = {
			isa = PBXGroup;
			children = (
				00ED8FD21EA9FF5200CA6EBB /* YTDemos */,
				00ED8FEC1EA9FF5200CA6EBB /* YTDemosTests */,
				00ED8FF71EA9FF5200CA6EBB /* YTDemosUITests */,
				00ED8FD11EA9FF5200CA6EBB /* Products */,
				C0CD572A4C01E2CD5E376BCA /* Pods */,
				290BF2D606409A4CE0644E40 /* Frameworks */,
			);
			sourceTree = "<group>";
		};
		00ED8FD11EA9FF5200CA6EBB /* Products */ = {
			isa = PBXGroup;
			children = (
				00ED8FD01EA9FF5200CA6EBB /* YTDemos.app */,
				00ED8FE91EA9FF5200CA6EBB /* YTDemosTests.xctest */,
				00ED8FF41EA9FF5200CA6EBB /* YTDemosUITests.xctest */,
			);
			name = Products;
			sourceTree = "<group>";
		};
		00ED8FD21EA9FF5200CA6EBB /* YTDemos */ = {
			isa = PBXGroup;
			children = (
				00ED8FD61EA9FF5200CA6EBB /* AppDelegate.h */,
				00ED8FD71EA9FF5200CA6EBB /* AppDelegate.m */,
				008A8F531ECC52EE0039E0AF /* YTCore */,
				009EF5DB1EAF409E00AFEB13 /* Controller */,
				009EF5DC1EAF409E00AFEB13 /* Model */,
				009EF5DD1EAF409E00AFEB13 /* View */,
				00ED8FDC1EA9FF5200CA6EBB /* Main.storyboard */,
				00ED8FDF1EA9FF5200CA6EBB /* Assets.xcassets */,
				00ED8FE11EA9FF5200CA6EBB /* LaunchScreen.storyboard */,
				00ED8FE41EA9FF5200CA6EBB /* Info.plist */,
				00ED8FD31EA9FF5200CA6EBB /* Supporting Files */,
			);
			path = YTDemos;
			sourceTree = "<group>";
		};
		00ED8FD31EA9FF5200CA6EBB /* Supporting Files */ = {
			isa = PBXGroup;
			children = (
				00B83D221ED6DA1D00E09A2C /* JSCallOC.html */,
				00ED8FD41EA9FF5200CA6EBB /* main.m */,
				008A8B5C1ECC51280039E0AF /* YTDemos.pch */,
			);
			name = "Supporting Files";
			sourceTree = "<group>";
		};
		00ED8FEC1EA9FF5200CA6EBB /* YTDemosTests */ = {
			isa = PBXGroup;
			children = (
				00ED8FED1EA9FF5200CA6EBB /* YTDemosTests.m */,
				00ED8FEF1EA9FF5200CA6EBB /* Info.plist */,
			);
			path = YTDemosTests;
			sourceTree = "<group>";
		};
		00ED8FF71EA9FF5200CA6EBB /* YTDemosUITests */ = {
			isa = PBXGroup;
			children = (
				00ED8FF81EA9FF5200CA6EBB /* YTDemosUITests.m */,
				00ED8FFA1EA9FF5200CA6EBB /* Info.plist */,
			);
			path = YTDemosUITests;
			sourceTree = "<group>";
		};
		290BF2D606409A4CE0644E40 /* Frameworks */ = {
			isa = PBXGroup;
			children = (
				7274732FE36063E80306FDC5 /* libPods-YTDemos.a */,
			);
			name = Frameworks;
			sourceTree = "<group>";
		};
		C0CD572A4C01E2CD5E376BCA /* Pods */ = {
			isa = PBXGroup;
			children = (
				A9587A494A74D43BFF026145 /* Pods-YTDemos.debug.xcconfig */,
				5E285984BFD3D311023D752D /* Pods-YTDemos.release.xcconfig */,
			);
			name = Pods;
			sourceTree = "<group>";
		};
/* End PBXGroup section */

/* Begin PBXNativeTarget section */
		00ED8FCF1EA9FF5200CA6EBB /* YTDemos */ = {
			isa = PBXNativeTarget;
			buildConfigurationList = 00ED8FFD1EA9FF5200CA6EBB /* Build configuration list for PBXNativeTarget "YTDemos" */;
			buildPhases = (
				93969E9152DD4E678171D1FA /* [CP] Check Pods Manifest.lock */,
				00ED8FCC1EA9FF5200CA6EBB /* Sources */,
				00ED8FCD1EA9FF5200CA6EBB /* Frameworks */,
				00ED8FCE1EA9FF5200CA6EBB /* Resources */,
				CFEBCFF8339CB76ECD179D03 /* [CP] Embed Pods Frameworks */,
				433A1A5A45A29D5643EB24A9 /* [CP] Copy Pods Resources */,
			);
			buildRules = (
			);
			dependencies = (
			);
			name = YTDemos;
			productName = YTDemos;
			productReference = 00ED8FD01EA9FF5200CA6EBB /* YTDemos.app */;
			productType = "com.apple.product-type.application";
		};
		00ED8FE81EA9FF5200CA6EBB /* YTDemosTests */ = {
			isa = PBXNativeTarget;
			buildConfigurationList = 00ED90001EA9FF5200CA6EBB /* Build configuration list for PBXNativeTarget "YTDemosTests" */;
			buildPhases = (
				00ED8FE51EA9FF5200CA6EBB /* Sources */,
				00ED8FE61EA9FF5200CA6EBB /* Frameworks */,
				00ED8FE71EA9FF5200CA6EBB /* Resources */,
			);
			buildRules = (
			);
			dependencies = (
				00ED8FEB1EA9FF5200CA6EBB /* PBXTargetDependency */,
			);
			name = YTDemosTests;
			productName = YTDemosTests;
			productReference = 00ED8FE91EA9FF5200CA6EBB /* YTDemosTests.xctest */;
			productType = "com.apple.product-type.bundle.unit-test";
		};
		00ED8FF31EA9FF5200CA6EBB /* YTDemosUITests */ = {
			isa = PBXNativeTarget;
			buildConfigurationList = 00ED90031EA9FF5200CA6EBB /* Build configuration list for PBXNativeTarget "YTDemosUITests" */;
			buildPhases = (
				00ED8FF01EA9FF5200CA6EBB /* Sources */,
				00ED8FF11EA9FF5200CA6EBB /* Frameworks */,
				00ED8FF21EA9FF5200CA6EBB /* Resources */,
			);
			buildRules = (
			);
			dependencies = (
				00ED8FF61EA9FF5200CA6EBB /* PBXTargetDependency */,
			);
			name = YTDemosUITests;
			productName = YTDemosUITests;
			productReference = 00ED8FF41EA9FF5200CA6EBB /* YTDemosUITests.xctest */;
			productType = "com.apple.product-type.bundle.ui-testing";
		};
/* End PBXNativeTarget section */

/* Begin PBXProject section */
		00ED8FC81EA9FF5200CA6EBB /* Project object */ = {
			isa = PBXProject;
			attributes = {
				LastUpgradeCheck = 0830;
				ORGANIZATIONNAME = com.yatou.test;
				TargetAttributes = {
					00ED8FCF1EA9FF5200CA6EBB = {
						CreatedOnToolsVersion = 8.3;
						DevelopmentTeam = BZB7EJCC3L;
						ProvisioningStyle = Automatic;
					};
					00ED8FE81EA9FF5200CA6EBB = {
						CreatedOnToolsVersion = 8.3;
						ProvisioningStyle = Automatic;
						TestTargetID = 00ED8FCF1EA9FF5200CA6EBB;
					};
					00ED8FF31EA9FF5200CA6EBB = {
						CreatedOnToolsVersion = 8.3;
						ProvisioningStyle = Automatic;
						TestTargetID = 00ED8FCF1EA9FF5200CA6EBB;
					};
				};
			};
			buildConfigurationList = 00ED8FCB1EA9FF5200CA6EBB /* Build configuration list for PBXProject "YTDemos" */;
			compatibilityVersion = "Xcode 3.2";
			developmentRegion = English;
			hasScannedForEncodings = 0;
			knownRegions = (
				en,
				Base,
			);
			mainGroup = 00ED8FC71EA9FF5200CA6EBB;
			productRefGroup = 00ED8FD11EA9FF5200CA6EBB /* Products */;
			projectDirPath = "";
			projectRoot = "";
			targets = (
				00ED8FCF1EA9FF5200CA6EBB /* YTDemos */,
				00ED8FE81EA9FF5200CA6EBB /* YTDemosTests */,
				00ED8FF31EA9FF5200CA6EBB /* YTDemosUITests */,
			);
		};
/* End PBXProject section */

/* Begin PBXResourcesBuildPhase section */
		00ED8FCE1EA9FF5200CA6EBB /* Resources */ = {
			isa = PBXResourcesBuildPhase;
			buildActionMask = 2147483647;
			files = (
				00ED8FE31EA9FF5200CA6EBB /* LaunchScreen.storyboard in Resources */,
				00B83D231ED6DA1D00E09A2C /* JSCallOC.html in Resources */,
				00ED8FE01EA9FF5200CA6EBB /* Assets.xcassets in Resources */,
				00ED8FDE1EA9FF5200CA6EBB /* Main.storyboard in Resources */,
			);
			runOnlyForDeploymentPostprocessing = 0;
		};
		00ED8FE71EA9FF5200CA6EBB /* Resources */ = {
			isa = PBXResourcesBuildPhase;
			buildActionMask = 2147483647;
			files = (
			);
			runOnlyForDeploymentPostprocessing = 0;
		};
		00ED8FF21EA9FF5200CA6EBB /* Resources */ = {
			isa = PBXResourcesBuildPhase;
			buildActionMask = 2147483647;
			files = (
			);
			runOnlyForDeploymentPostprocessing = 0;
		};
/* End PBXResourcesBuildPhase section */

/* Begin PBXShellScriptBuildPhase section */
		433A1A5A45A29D5643EB24A9 /* [CP] Copy Pods Resources */ = {
			isa = PBXShellScriptBuildPhase;
			buildActionMask = 2147483647;
			files = (
			);
			inputPaths = (
			);
			name = "[CP] Copy Pods Resources";
			outputPaths = (
			);
			runOnlyForDeploymentPostprocessing = 0;
			shellPath = /bin/sh;
			shellScript = "\"${SRCROOT}/Pods/Target Support Files/Pods-YTDemos/Pods-YTDemos-resources.sh\"\n";
			showEnvVarsInLog = 0;
		};
		93969E9152DD4E678171D1FA /* [CP] Check Pods Manifest.lock */ = {
			isa = PBXShellScriptBuildPhase;
			buildActionMask = 2147483647;
			files = (
			);
			inputPaths = (
			);
			name = "[CP] Check Pods Manifest.lock";
			outputPaths = (
			);
			runOnlyForDeploymentPostprocessing = 0;
			shellPath = /bin/sh;
			shellScript = "diff \"${PODS_ROOT}/../Podfile.lock\" \"${PODS_ROOT}/Manifest.lock\" > /dev/null\nif [ $? != 0 ] ; then\n    # print error to STDERR\n    echo \"error: The sandbox is not in sync with the Podfile.lock. Run 'pod install' or update your CocoaPods installation.\" >&2\n    exit 1\nfi\n";
			showEnvVarsInLog = 0;
		};
		CFEBCFF8339CB76ECD179D03 /* [CP] Embed Pods Frameworks */ = {
			isa = PBXShellScriptBuildPhase;
			buildActionMask = 2147483647;
			files = (
			);
			inputPaths = (
			);
			name = "[CP] Embed Pods Frameworks";
			outputPaths = (
			);
			runOnlyForDeploymentPostprocessing = 0;
			shellPath = /bin/sh;
			shellScript = "\"${SRCROOT}/Pods/Target Support Files/Pods-YTDemos/Pods-YTDemos-frameworks.sh\"\n";
			showEnvVarsInLog = 0;
		};
/* End PBXShellScriptBuildPhase section */

/* Begin PBXSourcesBuildPhase section */
		00ED8FCC1EA9FF5200CA6EBB /* Sources */ = {
			isa = PBXSourcesBuildPhase;
			buildActionMask = 2147483647;
			files = (
				00C532E21EE4FEB700E2BB4F /* Deep&LightCopyController.m in Sources */,
				00B83D211ED6D93C00E09A2C /* JSCallOCController.m in Sources */,
				00ED8FD81EA9FF5200CA6EBB /* AppDelegate.m in Sources */,
				008A8F891ECC52EE0039E0AF /* TestFlowerView.m in Sources */,
				008A8B5B1ECC4CC60039E0AF /* GoToSettingsController.m in Sources */,
				008A8F9B1ED2CC9E0039E0AF /* NSStringDemoController.m in Sources */,
				00B83D271EDE7D2500E09A2C /* ICarouselDemoController.m in Sources */,
				008A8F971ECE8D5D0039E0AF /* UIViewController+IMPViewDidLoaded.m in Sources */,
				008A8F8E1ECC52EE0039E0AF /* YTCheckLargeImageView.m in Sources */,
				008A8B571ECC4B9A0039E0AF /* MainController.m in Sources */,
				008A8F8A1ECC52EE0039E0AF /* TestHeartView.m in Sources */,
				008A8F7F1ECC52EE0039E0AF /* UIImage+YTImage.m in Sources */,
				008A8F821ECC52EE0039E0AF /* YTRegex.m in Sources */,
				008A8F8C1ECC52EE0039E0AF /* YTProgressView.m in Sources */,
				00ED8FD51EA9FF5200CA6EBB /* main.m in Sources */,
				00C532E51EE508D900E2BB4F /* Student.m in Sources */,
				00B83D2C1EE01B7400E09A2C /* QYDemoController.m in Sources */,
				008A8F801ECC52EE0039E0AF /* UIView+YTFrame.m in Sources */,
				008A8F811ECC52EE0039E0AF /* YTCharacterConvertTool.m in Sources */,
				008A8F8B1ECC52EE0039E0AF /* MyPageControl.m in Sources */,
				008A8F941ECDABC80039E0AF /* IMPDemoController.m in Sources */,
			);
			runOnlyForDeploymentPostprocessing = 0;
		};
		00ED8FE51EA9FF5200CA6EBB /* Sources */ = {
			isa = PBXSourcesBuildPhase;
			buildActionMask = 2147483647;
			files = (
				00ED8FEE1EA9FF5200CA6EBB /* YTDemosTests.m in Sources */,
			);
			runOnlyForDeploymentPostprocessing = 0;
		};
		00ED8FF01EA9FF5200CA6EBB /* Sources */ = {
			isa = PBXSourcesBuildPhase;
			buildActionMask = 2147483647;
			files = (
				00ED8FF91EA9FF5200CA6EBB /* YTDemosUITests.m in Sources */,
			);
			runOnlyForDeploymentPostprocessing = 0;
		};
/* End PBXSourcesBuildPhase section */

/* Begin PBXTargetDependency section */
		00ED8FEB1EA9FF5200CA6EBB /* PBXTargetDependency */ = {
			isa = PBXTargetDependency;
			target = 00ED8FCF1EA9FF5200CA6EBB /* YTDemos */;
			targetProxy = 00ED8FEA1EA9FF5200CA6EBB /* PBXContainerItemProxy */;
		};
		00ED8FF61EA9FF5200CA6EBB /* PBXTargetDependency */ = {
			isa = PBXTargetDependency;
			target = 00ED8FCF1EA9FF5200CA6EBB /* YTDemos */;
			targetProxy = 00ED8FF51EA9FF5200CA6EBB /* PBXContainerItemProxy */;
		};
/* End PBXTargetDependency section */

/* Begin PBXVariantGroup section */
		00ED8FDC1EA9FF5200CA6EBB /* Main.storyboard */ = {
			isa = PBXVariantGroup;
			children = (
				00ED8FDD1EA9FF5200CA6EBB /* Base */,
			);
			name = Main.storyboard;
			sourceTree = "<group>";
		};
		00ED8FE11EA9FF5200CA6EBB /* LaunchScreen.storyboard */ = {
			isa = PBXVariantGroup;
			children = (
				00ED8FE21EA9FF5200CA6EBB /* Base */,
			);
			name = LaunchScreen.storyboard;
			sourceTree = "<group>";
		};
/* End PBXVariantGroup section */

/* Begin XCBuildConfiguration section */
		00ED8FFB1EA9FF5200CA6EBB /* Debug */ = {
			isa = XCBuildConfiguration;
			buildSettings = {
				ALWAYS_SEARCH_USER_PATHS = NO;
				CLANG_ANALYZER_NONNULL = YES;
				CLANG_ANALYZER_NUMBER_OBJECT_CONVERSION = YES_AGGRESSIVE;
				CLANG_CXX_LANGUAGE_STANDARD = "gnu++0x";
				CLANG_CXX_LIBRARY = "libc++";
				CLANG_ENABLE_MODULES = YES;
				CLANG_ENABLE_OBJC_ARC = YES;
				CLANG_WARN_BOOL_CONVERSION = YES;
				CLANG_WARN_CONSTANT_CONVERSION = YES;
				CLANG_WARN_DIRECT_OBJC_ISA_USAGE = YES_ERROR;
				CLANG_WARN_DOCUMENTATION_COMMENTS = YES;
				CLANG_WARN_EMPTY_BODY = YES;
				CLANG_WARN_ENUM_CONVERSION = YES;
				CLANG_WARN_INFINITE_RECURSION = YES;
				CLANG_WARN_INT_CONVERSION = YES;
				CLANG_WARN_OBJC_ROOT_CLASS = YES_ERROR;
				CLANG_WARN_SUSPICIOUS_MOVE = YES;
				CLANG_WARN_UNREACHABLE_CODE = YES;
				CLANG_WARN__DUPLICATE_METHOD_MATCH = YES;
				"CODE_SIGN_IDENTITY[sdk=iphoneos*]" = "iPhone Developer";
				COPY_PHASE_STRIP = NO;
				DEBUG_INFORMATION_FORMAT = dwarf;
				ENABLE_STRICT_OBJC_MSGSEND = YES;
				ENABLE_TESTABILITY = YES;
				GCC_C_LANGUAGE_STANDARD = gnu99;
				GCC_DYNAMIC_NO_PIC = NO;
				GCC_NO_COMMON_BLOCKS = YES;
				GCC_OPTIMIZATION_LEVEL = 0;
				GCC_PREPROCESSOR_DEFINITIONS = (
					"DEBUG=1",
					"$(inherited)",
				);
				GCC_WARN_64_TO_32_BIT_CONVERSION = YES;
				GCC_WARN_ABOUT_RETURN_TYPE = YES_ERROR;
				GCC_WARN_UNDECLARED_SELECTOR = YES;
				GCC_WARN_UNINITIALIZED_AUTOS = YES_AGGRESSIVE;
				GCC_WARN_UNUSED_FUNCTION = YES;
				GCC_WARN_UNUSED_VARIABLE = YES;
				IPHONEOS_DEPLOYMENT_TARGET = 10.3;
				MTL_ENABLE_DEBUG_INFO = YES;
				ONLY_ACTIVE_ARCH = YES;
				SDKROOT = iphoneos;
			};
			name = Debug;
		};
		00ED8FFC1EA9FF5200CA6EBB /* Release */ = {
			isa = XCBuildConfiguration;
			buildSettings = {
				ALWAYS_SEARCH_USER_PATHS = NO;
				CLANG_ANALYZER_NONNULL = YES;
				CLANG_ANALYZER_NUMBER_OBJECT_CONVERSION = YES_AGGRESSIVE;
				CLANG_CXX_LANGUAGE_STANDARD = "gnu++0x";
				CLANG_CXX_LIBRARY = "libc++";
				CLANG_ENABLE_MODULES = YES;
				CLANG_ENABLE_OBJC_ARC = YES;
				CLANG_WARN_BOOL_CONVERSION = YES;
				CLANG_WARN_CONSTANT_CONVERSION = YES;
				CLANG_WARN_DIRECT_OBJC_ISA_USAGE = YES_ERROR;
				CLANG_WARN_DOCUMENTATION_COMMENTS = YES;
				CLANG_WARN_EMPTY_BODY = YES;
				CLANG_WARN_ENUM_CONVERSION = YES;
				CLANG_WARN_INFINITE_RECURSION = YES;
				CLANG_WARN_INT_CONVERSION = YES;
				CLANG_WARN_OBJC_ROOT_CLASS = YES_ERROR;
				CLANG_WARN_SUSPICIOUS_MOVE = YES;
				CLANG_WARN_UNREACHABLE_CODE = YES;
				CLANG_WARN__DUPLICATE_METHOD_MATCH = YES;
				"CODE_SIGN_IDENTITY[sdk=iphoneos*]" = "iPhone Developer";
				COPY_PHASE_STRIP = NO;
				DEBUG_INFORMATION_FORMAT = "dwarf-with-dsym";
				ENABLE_NS_ASSERTIONS = NO;
				ENABLE_STRICT_OBJC_MSGSEND = YES;
				GCC_C_LANGUAGE_STANDARD = gnu99;
				GCC_NO_COMMON_BLOCKS = YES;
				GCC_WARN_64_TO_32_BIT_CONVERSION = YES;
				GCC_WARN_ABOUT_RETURN_TYPE = YES_ERROR;
				GCC_WARN_UNDECLARED_SELECTOR = YES;
				GCC_WARN_UNINITIALIZED_AUTOS = YES_AGGRESSIVE;
				GCC_WARN_UNUSED_FUNCTION = YES;
				GCC_WARN_UNUSED_VARIABLE = YES;
				IPHONEOS_DEPLOYMENT_TARGET = 10.3;
				MTL_ENABLE_DEBUG_INFO = NO;
				SDKROOT = iphoneos;
				VALIDATE_PRODUCT = YES;
			};
			name = Release;
		};
		00ED8FFE1EA9FF5200CA6EBB /* Debug */ = {
			isa = XCBuildConfiguration;
			baseConfigurationReference = A9587A494A74D43BFF026145 /* Pods-YTDemos.debug.xcconfig */;
			buildSettings = {
				ASSETCATALOG_COMPILER_APPICON_NAME = AppIcon;
				"CODE_SIGN_IDENTITY[sdk=iphoneos*]" = "iPhone Developer";
				DEVELOPMENT_TEAM = BZB7EJCC3L;
				GCC_PREFIX_HEADER = "$(SRCROOT)/YTDemos/YTDemos.pch";
				INFOPLIST_FILE = YTDemos/Info.plist;
				LD_RUNPATH_SEARCH_PATHS = "$(inherited) @executable_path/Frameworks";
				LIBRARY_SEARCH_PATHS = (
					"$(inherited)",
					"$(PROJECT_DIR)/YTDemos/YTCore/OC/ETCore/View/FFmpeg/FFmpeg-iOS/lib",
				);
				PRODUCT_BUNDLE_IDENTIFIER = com.yatouTest.YTDemos;
				PRODUCT_NAME = "$(TARGET_NAME)";
				PROVISIONING_PROFILE = "";
				PROVISIONING_PROFILE_SPECIFIER = "";
			};
			name = Debug;
		};
		00ED8FFF1EA9FF5200CA6EBB /* Release */ = {
			isa = XCBuildConfiguration;
			baseConfigurationReference = 5E285984BFD3D311023D752D /* Pods-YTDemos.release.xcconfig */;
			buildSettings = {
				ASSETCATALOG_COMPILER_APPICON_NAME = AppIcon;
				"CODE_SIGN_IDENTITY[sdk=iphoneos*]" = "iPhone Developer";
				DEVELOPMENT_TEAM = BZB7EJCC3L;
				GCC_PREFIX_HEADER = "$(SRCROOT)/YTDemos/YTDemos.pch";
				INFOPLIST_FILE = YTDemos/Info.plist;
				LD_RUNPATH_SEARCH_PATHS = "$(inherited) @executable_path/Frameworks";
				LIBRARY_SEARCH_PATHS = (
					"$(inherited)",
					"$(PROJECT_DIR)/YTDemos/YTCore/OC/ETCore/View/FFmpeg/FFmpeg-iOS/lib",
				);
				PRODUCT_BUNDLE_IDENTIFIER = com.yatouTest.YTDemos;
				PRODUCT_NAME = "$(TARGET_NAME)";
				PROVISIONING_PROFILE_SPECIFIER = "";
			};
			name = Release;
		};
		00ED90011EA9FF5200CA6EBB /* Debug */ = {
			isa = XCBuildConfiguration;
			buildSettings = {
				BUNDLE_LOADER = "$(TEST_HOST)";
				INFOPLIST_FILE = YTDemosTests/Info.plist;
				LD_RUNPATH_SEARCH_PATHS = "$(inherited) @executable_path/Frameworks @loader_path/Frameworks";
				PRODUCT_BUNDLE_IDENTIFIER = com.yatouTest.YTDemosTests;
				PRODUCT_NAME = "$(TARGET_NAME)";
				TEST_HOST = "$(BUILT_PRODUCTS_DIR)/YTDemos.app/YTDemos";
			};
			name = Debug;
		};
		00ED90021EA9FF5200CA6EBB /* Release */ = {
			isa = XCBuildConfiguration;
			buildSettings = {
				BUNDLE_LOADER = "$(TEST_HOST)";
				INFOPLIST_FILE = YTDemosTests/Info.plist;
				LD_RUNPATH_SEARCH_PATHS = "$(inherited) @executable_path/Frameworks @loader_path/Frameworks";
				PRODUCT_BUNDLE_IDENTIFIER = com.yatouTest.YTDemosTests;
				PRODUCT_NAME = "$(TARGET_NAME)";
				TEST_HOST = "$(BUILT_PRODUCTS_DIR)/YTDemos.app/YTDemos";
			};
			name = Release;
		};
		00ED90041EA9FF5200CA6EBB /* Debug */ = {
			isa = XCBuildConfiguration;
			buildSettings = {
				INFOPLIST_FILE = YTDemosUITests/Info.plist;
				LD_RUNPATH_SEARCH_PATHS = "$(inherited) @executable_path/Frameworks @loader_path/Frameworks";
				PRODUCT_BUNDLE_IDENTIFIER = com.yatouTest.YTDemosUITests;
				PRODUCT_NAME = "$(TARGET_NAME)";
				TEST_TARGET_NAME = YTDemos;
			};
			name = Debug;
		};
		00ED90051EA9FF5200CA6EBB /* Release */ = {
			isa = XCBuildConfiguration;
			buildSettings = {
				INFOPLIST_FILE = YTDemosUITests/Info.plist;
				LD_RUNPATH_SEARCH_PATHS = "$(inherited) @executable_path/Frameworks @loader_path/Frameworks";
				PRODUCT_BUNDLE_IDENTIFIER = com.yatouTest.YTDemosUITests;
				PRODUCT_NAME = "$(TARGET_NAME)";
				TEST_TARGET_NAME = YTDemos;
			};
			name = Release;
		};
/* End XCBuildConfiguration section */

/* Begin XCConfigurationList section */
		00ED8FCB1EA9FF5200CA6EBB /* Build configuration list for PBXProject "YTDemos" */ = {
			isa = XCConfigurationList;
			buildConfigurations = (
				00ED8FFB1EA9FF5200CA6EBB /* Debug */,
				00ED8FFC1EA9FF5200CA6EBB /* Release */,
			);
			defaultConfigurationIsVisible = 0;
			defaultConfigurationName = Release;
		};
		00ED8FFD1EA9FF5200CA6EBB /* Build configuration list for PBXNativeTarget "YTDemos" */ = {
			isa = XCConfigurationList;
			buildConfigurations = (
				00ED8FFE1EA9FF5200CA6EBB /* Debug */,
				00ED8FFF1EA9FF5200CA6EBB /* Release */,
			);
			defaultConfigurationIsVisible = 0;
			defaultConfigurationName = Release;
		};
		00ED90001EA9FF5200CA6EBB /* Build configuration list for PBXNativeTarget "YTDemosTests" */ = {
			isa = XCConfigurationList;
			buildConfigurations = (
				00ED90011EA9FF5200CA6EBB /* Debug */,
				00ED90021EA9FF5200CA6EBB /* Release */,
			);
			defaultConfigurationIsVisible = 0;
			defaultConfigurationName = Release;
		};
		00ED90031EA9FF5200CA6EBB /* Build configuration list for PBXNativeTarget "YTDemosUITests" */ = {
			isa = XCConfigurationList;
			buildConfigurations = (
				00ED90041EA9FF5200CA6EBB /* Debug */,
				00ED90051EA9FF5200CA6EBB /* Release */,
			);
			defaultConfigurationIsVisible = 0;
			defaultConfigurationName = Release;
		};
/* End XCConfigurationList section */
	};
	rootObject = 00ED8FC81EA9FF5200CA6EBB /* Project object */;
}
